lockfile_version: '1'
generated_at: '2026-04-29T19:53:59.067108+00:00'
apm_version: 0.9.4
dependencies:
- repo_url: CleanSlice/skills
  host: github.com
  resolved_commit: f08671bf82fdfaa92de209c7db4d643a7f2e3334
  virtual_path: cleanslice
  is_virtual: true
  package_type: claude_skill
  deployed_files:
  - .claude/skills/cleanslice
  - .cursor/skills/cleanslice
  - .github/skills/cleanslice
  content_hash: sha256:67b898e38156c711a08667bc3a8408d5313d98baac7fbb7bbad46006dde75c72
- repo_url: CleanSlice/skills
  host: github.com
  resolved_commit: f08671bf82fdfaa92de209c7db4d643a7f2e3334
  virtual_path: conventional-commits
  is_virtual: true
  package_type: claude_skill
  deployed_files:
  - .claude/skills/conventional-commits
  - .cursor/skills/conventional-commits
  - .github/skills/conventional-commits
  content_hash: sha256:0e9c624668fbac44a1f3b65db72c3de40a16940c61b193b59e84e45c773897f0
- repo_url: anthropics/skills
  host: github.com
  resolved_commit: 5128e1865d670f5d6c9cef000e6dfc4e951fb5b9
  virtual_path: skills/frontend-design
  is_virtual: true
  package_type: claude_skill
  deployed_files:
  - .claude/skills/frontend-design
  - .cursor/skills/frontend-design
  - .github/skills/frontend-design
  content_hash: sha256:063a0e6448123cd359ad0044cc46b0e490cc7964d45ef4bb9fd842bd2ffbca67
- repo_url: microsoft/apm-sample-package
  host: github.com
  resolved_commit: fb2851683be0e0e7711421d518bd8dba23b0b1f6
  resolved_ref: v1.0.0
  package_type: apm_package
  deployed_files:
  - .claude/agents/design-reviewer.md
  - .claude/commands/accessibility-audit.md
  - .claude/commands/design-review.md
  - .claude/rules/design-standards.md
  - .claude/skills/style-checker
  - .cursor/agents/design-reviewer.md
  - .cursor/rules/design-standards.mdc
  - .cursor/skills/style-checker
  - .github/agents/design-reviewer.agent.md
  - .github/instructions/design-standards.instructions.md
  - .github/prompts/accessibility-audit.prompt.md
  - .github/prompts/design-review.prompt.md
  - .github/skills/style-checker
  deployed_file_hashes:
    .claude/agents/design-reviewer.md: sha256:616988766ebc7d42cc6f599a17d1ad3ab8164e139fad82e111af5441fe3986cb
    .claude/commands/accessibility-audit.md: sha256:6d5c7d5d0038683e5658f4a90cdee61b2fc3a27b3023fc63ed6649d1ea6b6b92
    .claude/commands/design-review.md: sha256:ed0741675cb37dd3fe77fbd199800582f745b4ee84e34ce6a92b8eb0bd6d7b81
    .claude/rules/design-standards.md: sha256:6dd5fc2606e4bd43b8ddaa48428d92768bb4c0c7bf43c3f045dbb11c9ae5e7d0
    .cursor/agents/design-reviewer.md: sha256:616988766ebc7d42cc6f599a17d1ad3ab8164e139fad82e111af5441fe3986cb
    .cursor/rules/design-standards.mdc: sha256:29bbdd35d6bb9b49a81c0668f0e96b976243d8f14469f0f864cc02283aaa72da
    .github/agents/design-reviewer.agent.md: sha256:616988766ebc7d42cc6f599a17d1ad3ab8164e139fad82e111af5441fe3986cb
    .github/instructions/design-standards.instructions.md: sha256:96f7c30dd3926a95b40caeea0f3e9404b244c44ff281cc53c254cecf71f139af
    .github/prompts/accessibility-audit.prompt.md: sha256:c3382c6b7ac6ba38cf66d345923be79c5a46b8783a0d33aac457ff60f1b6597a
    .github/prompts/design-review.prompt.md: sha256:f10919f07eec83c62c7912e318382b472ad27eb1c22c11525b813522960e8e06
  content_hash: sha256:744cca54cc8ff7ca90aa1dd621c2f98c6291cd793815afe8518001cc94b8aba9
- repo_url: noartem/skills
  host: github.com
  resolved_commit: 5d31edad42e2701753120b31c9e576ffb91440d9
  virtual_path: skills/shadcn-vue
  is_virtual: true
  package_type: claude_skill
  deployed_files:
  - .claude/skills/shadcn-vue
  - .cursor/skills/shadcn-vue
  - .github/skills/shadcn-vue
  content_hash: sha256:31bef4366d5fd0b34d86dadaf8d8a22d36312c73c3197c493378fd7a42bd07ab
- repo_url: vuejs-ai/skills
  host: github.com
  resolved_commit: c9d355ff23f654309dd02006be671859df0a134c
  package_type: marketplace_plugin
  deployed_files:
  - .claude/skills/create-adaptable-composable
  - .claude/skills/vue-best-practices
  - .claude/skills/vue-debug-guides
  - .claude/skills/vue-jsx-best-practices
  - .claude/skills/vue-options-api-best-practices
  - .claude/skills/vue-pinia-best-practices
  - .claude/skills/vue-router-best-practices
  - .claude/skills/vue-testing-best-practices
  - .cursor/skills/create-adaptable-composable
  - .cursor/skills/vue-best-practices
  - .cursor/skills/vue-debug-guides
  - .cursor/skills/vue-jsx-best-practices
  - .cursor/skills/vue-options-api-best-practices
  - .cursor/skills/vue-pinia-best-practices
  - .cursor/skills/vue-router-best-practices
  - .cursor/skills/vue-testing-best-practices
  - .github/skills/create-adaptable-composable
  - .github/skills/vue-best-practices
  - .github/skills/vue-debug-guides
  - .github/skills/vue-jsx-best-practices
  - .github/skills/vue-options-api-best-practices
  - .github/skills/vue-pinia-best-practices
  - .github/skills/vue-router-best-practices
  - .github/skills/vue-testing-best-practices
  content_hash: sha256:48aae98ae27af8965e9a36e8b5664beed662de8861577eb98466a503f86616e9
- repo_url: github/awesome-copilot
  host: github.com
  resolved_commit: 63d08d51f792d53feec8c1c06897cee870e83c18
  virtual_path: skills/review-and-refactor
  is_virtual: true
  depth: 2
  resolved_by: microsoft/apm-sample-package
  package_type: claude_skill
  deployed_files:
  - .claude/skills/review-and-refactor
  - .cursor/skills/review-and-refactor
  - .github/skills/review-and-refactor
  content_hash: sha256:9236d06a1500089ddb46975b866e9a63478e502afe7095b1980c618678a7c7fe
local_deployed_files:
- .claude/agents/code-reviewer.md
- .claude/rules/design-standards.md
- .cursor/agents/code-reviewer.md
- .cursor/rules/design-standards.mdc
- .github/agents/code-reviewer.agent.md
- .github/instructions/design-standards.instructions.md
local_deployed_file_hashes:
  .claude/agents/code-reviewer.md: sha256:fc7743b863b1e55e40eaaac1c12ad1a51b719863557270cc99483b9aac31745d
  .claude/rules/design-standards.md: sha256:6dd5fc2606e4bd43b8ddaa48428d92768bb4c0c7bf43c3f045dbb11c9ae5e7d0
  .cursor/agents/code-reviewer.md: sha256:fc7743b863b1e55e40eaaac1c12ad1a51b719863557270cc99483b9aac31745d
  .cursor/rules/design-standards.mdc: sha256:29bbdd35d6bb9b49a81c0668f0e96b976243d8f14469f0f864cc02283aaa72da
  .github/agents/code-reviewer.agent.md: sha256:fc7743b863b1e55e40eaaac1c12ad1a51b719863557270cc99483b9aac31745d
  .github/instructions/design-standards.instructions.md: sha256:96f7c30dd3926a95b40caeea0f3e9404b244c44ff281cc53c254cecf71f139af
